
Microsoft Visual Studio Solution File, Format Version 12.00
# Visual Studio Version 18
VisualStudioVersion = 18.3.11527.330 d18.3
MinimumVisualStudioVersion = 10.0.40219.1
Project("{FAE04EC0-301F-11D3-BF4B-00C04F79EFBC}") = "aMogusManager", "aMogusManager.csproj", "{5ED48580-E6E8-8C1C-BB18-C57C8E3FC368}"
EndProject
Project("{FAE04EC0-301F-11D3-BF4B-00C04F79EFBC}") = "DepotDownloader", "DepotDownloader\DepotDownloader\DepotDownloader.csproj", "{960BF7FA-8CF7-3801-0367-184DD71F6BE1}"
EndProject
Global
	GlobalSection(SolutionConfigurationPlatforms) = preSolution
		Debug|Any CPU = Debug|Any CPU
		Release|Any CPU = Release|Any CPU
	EndGlobalSection
	GlobalSection(ProjectConfigurationPlatforms) = postSolution
		{5ED48580-E6E8-8C1C-BB18-C57C8E3FC368}.Debug|Any CPU.ActiveCfg = Debug|Any CPU
		{5ED48580-E6E8-8C1C-BB18-C57C8E3FC368}.Debug|Any CPU.Build.0 = Debug|Any CPU
		{5ED48580-E6E8-8C1C-BB18-C57C8E3FC368}.Release|Any CPU.ActiveCfg = Release|Any CPU
		{5ED48580-E6E8-8C1C-BB18-C57C8E3FC368}.Release|Any CPU.Build.0 = Release|Any CPU
		{960BF7FA-8CF7-3801-0367-184DD71F6BE1}.Debug|Any CPU.ActiveCfg = Debug|Any CPU
		{960BF7FA-8CF7-3801-0367-184DD71F6BE1}.Debug|Any CPU.Build.0 = Debug|Any CPU
		{960BF7FA-8CF7-3801-0367-184DD71F6BE1}.Release|Any CPU.ActiveCfg = Release|Any CPU
		{960BF7FA-8CF7-3801-0367-184DD71F6BE1}.Release|Any CPU.Build.0 = Release|Any CPU
	EndGlobalSection
	GlobalSection(SolutionProperties) = preSolution
		HideSolutionNode = FALSE
	EndGlobalSection
	GlobalSection(ExtensibilityGlobals) = postSolution
		SolutionGuid = {790A3433-CC9B-4A46-A293-616CADB65990}
	EndGlobalSection
EndGlobal
